
Microsoft Visual Studio Solution File, Format Version 12.00
# Visual Studio 15
VisualStudioVersion = 15.0.28307.539
MinimumVisualStudioVersion = 10.0.40219.1
Project("{FAE04EC0-301F-11D3-BF4B-00C04F79EFBC}") = "Prog3.ConsoleClient", "Prog3.ConsoleClient\Prog3.ConsoleClient.csproj", "{53A3B181-21CF-4E38-9A17-59395E2DD450}"
EndProject
Project("{FAE04EC0-301F-11D3-BF4B-00C04F79EFBC}") = "Prog3.WinFormsClient", "Prog3.WinFormsClient\Prog3.WinFormsClient.csproj", "{24C322BE-5F8B-4AE9-BB64-9E699C82C25C}"
EndProject
Project("{FAE04EC0-301F-11D3-BF4B-00C04F79EFBC}") = "Prog3.Common", "Prog3.Common\Prog3.Common.csproj", "{AE086578-D904-4C1F-9329-73490FA39DAC}"
EndProject
Global
	GlobalSection(SolutionConfigurationPlatforms) = preSolution
		Debug|Any CPU = Debug|Any CPU
		Release|Any CPU = Release|Any CPU
	EndGlobalSection
	GlobalSection(ProjectConfigurationPlatforms) = postSolution
		{53A3B181-21CF-4E38-9A17-59395E2DD450}.Debug|Any CPU.ActiveCfg = Debug|Any CPU
		{53A3B181-21CF-4E38-9A17-59395E2DD450}.Debug|Any CPU.Build.0 = Debug|Any CPU
		{53A3B181-21CF-4E38-9A17-59395E2DD450}.Release|Any CPU.ActiveCfg = Release|Any CPU
		{53A3B181-21CF-4E38-9A17-59395E2DD450}.Release|Any CPU.Build.0 = Release|Any CPU
		{24C322BE-5F8B-4AE9-BB64-9E699C82C25C}.Debug|Any CPU.ActiveCfg = Debug|Any CPU
		{24C322BE-5F8B-4AE9-BB64-9E699C82C25C}.Debug|Any CPU.Build.0 = Debug|Any CPU
		{24C322BE-5F8B-4AE9-BB64-9E699C82C25C}.Release|Any CPU.ActiveCfg = Release|Any CPU
		{24C322BE-5F8B-4AE9-BB64-9E699C82C25C}.Release|Any CPU.Build.0 = Release|Any CPU
		{AE086578-D904-4C1F-9329-73490FA39DAC}.Debug|Any CPU.ActiveCfg = Debug|Any CPU
		{AE086578-D904-4C1F-9329-73490FA39DAC}.Debug|Any CPU.Build.0 = Debug|Any CPU
		{AE086578-D904-4C1F-9329-73490FA39DAC}.Release|Any CPU.ActiveCfg = Release|Any CPU
		{AE086578-D904-4C1F-9329-73490FA39DAC}.Release|Any CPU.Build.0 = Release|Any CPU
	EndGlobalSection
	GlobalSection(SolutionProperties) = preSolution
		HideSolutionNode = FALSE
	EndGlobalSection
	GlobalSection(ExtensibilityGlobals) = postSolution
		SolutionGuid = {2CFF68AF-99B9-49CE-9BE9-73CEA81EDA5B}
	EndGlobalSection
EndGlobal
